{
  "name": "svg-to-motion-canvas",
  "version": "0.0.62",
  "lockfileVersion": 3,
  "requires": true,
  "packages": {
    "": {
      "name": "svg-to-motion-canvas",
      "version": "0.0.62",
      "license": "ISC",
      "workspaces": [
        "packages/translator",
        "packages/utilities"
      ]
    },
    "node_modules/translator": {
      "resolved": "packages/translator",
      "link": true
    },
    "node_modules/utilities": {
      "resolved": "packages/utilities",
      "link": true
    },
    "packages/translator": {
      "version": "0.0.1",
      "license": "ISC"
    },
    "packages/utilities": {
      "version": "0.0.1",
      "license": "ISC",
      "devDependencies": {}
    }
  }
}
